
Microsoft Visual Studio Solution File, Format Version 12.00
# Visual Studio Version 16
VisualStudioVersion = 16.0.30621.155
MinimumVisualStudioVersion = 10.0.40219.1
Project("{8BC9CEB8-8B4A-11D0-8D11-00A0C91BC942}") = "GameEngine", "SDL2 Example.vcxproj", "{7A3B227A-5E96-49F0-AB22-521827119278}"
EndProject
Global
	GlobalSection(SolutionConfigurationPlatforms) = preSolution
		Debug|x64 = Debug|x64
		Release|x64 = Release|x64
	EndGlobalSection
	GlobalSection(ProjectConfigurationPlatforms) = postSolution
		{7A3B227A-5E96-49F0-AB22-521827119278}.Debug|x64.ActiveCfg = Debug|x64
		{7A3B227A-5E96-49F0-AB22-521827119278}.Debug|x64.Build.0 = Debug|x64
		{7A3B227A-5E96-49F0-AB22-521827119278}.Release|x64.ActiveCfg = Release|x64
		{7A3B227A-5E96-49F0-AB22-521827119278}.Release|x64.Build.0 = Release|x64
	EndGlobalSection
	GlobalSection(SolutionProperties) = preSolution
		HideSolutionNode = FALSE
	EndGlobalSection
	GlobalSection(ExtensibilityGlobals) = postSolution
		SolutionGuid = {9CA21808-EAC6-45F4-8E12-1EF18B591E9B}
	EndGlobalSection
EndGlobal
